
Microsoft Visual Studio Solution File, Format Version 12.00
# Visual Studio Version 16
VisualStudioVersion = 16.0.30011.22
MinimumVisualStudioVersion = 10.0.40219.1
Project("{2150E333-8FDC-42A3-9474-1A3956D46DE8}") = "Tests", "Tests", "{4DD9BF64-E9C4-4CEE-BC10-62297BF1A1CF}"
EndProject
Project("{2150E333-8FDC-42A3-9474-1A3956D46DE8}") = "CUT", "CUT", "{423AA99E-2F63-4B13-BF96-A87140D40906}"
EndProject
Project("{FAE04EC0-301F-11D3-BF4B-00C04F79EFBC}") = "CUTLibrary", "CUTLibrary\CUTLibrary.csproj", "{4101B3AE-D6B8-4E55-834D-53D225C19DAF}"
EndProject
Project("{FAE04EC0-301F-11D3-BF4B-00C04F79EFBC}") = "CalculatorTest", "CalculatorTest\CalculatorTest.csproj", "{3AE980EC-1EBC-4788-878A-5DFF4E3315D3}"
EndProject
Project("{FAE04EC0-301F-11D3-BF4B-00C04F79EFBC}") = "DependencyTest", "DependencyTest\DependencyTest.csproj", "{B24056FE-CB9C-4388-AB2F-4D73571EFB72}"
EndProject
Project("{FAE04EC0-301F-11D3-BF4B-00C04F79EFBC}") = "GameTest", "GameTest\GameTest.csproj", "{D7059C48-77E4-43C4-B524-0830A00E5248}"
EndProject
Project("{FAE04EC0-301F-11D3-BF4B-00C04F79EFBC}") = "ReallyBadTest", "ReallyBadTest\ReallyBadTest.csproj", "{3DA0DAE9-3D09-4627-84CA-E2CA6A0D8DA7}"
EndProject
Project("{FAE04EC0-301F-11D3-BF4B-00C04F79EFBC}") = "SentenceTest", "SentenceTest\SentenceTest.csproj", "{207B1B2B-B4FE-460C-8389-31033C2A5197}"
EndProject
Project("{FAE04EC0-301F-11D3-BF4B-00C04F79EFBC}") = "UtilsTest", "UtilsTest\UtilsTest.csproj", "{249639AC-56ED-421D-8FBC-2A32D8221449}"
EndProject
Project("{FAE04EC0-301F-11D3-BF4B-00C04F79EFBC}") = "ZajeciaTest", "ZajeciaTest\ZajeciaTest.csproj", "{9BFF0386-9287-4381-8BBF-5C16E3A111B7}"
EndProject
Project("{FAE04EC0-301F-11D3-BF4B-00C04F79EFBC}") = "DateTimeTest", "DateTimeTest_\DateTimeTest.csproj", "{D2AFABBD-95DF-4620-9695-D9F5354002E2}"
EndProject
Project("{FAE04EC0-301F-11D3-BF4B-00C04F79EFBC}") = "UnitTestProject1", "UnitTestProject1\UnitTestProject1.csproj", "{7AEF0FB5-5C4F-43BF-A751-B906789A3299}"
	ProjectSection(ProjectDependencies) = postProject
		{4101B3AE-D6B8-4E55-834D-53D225C19DAF} = {4101B3AE-D6B8-4E55-834D-53D225C19DAF}
	EndProjectSection
EndProject
Global
	GlobalSection(SolutionConfigurationPlatforms) = preSolution
		Debug|Any CPU = Debug|Any CPU
		Debug|ARM = Debug|ARM
		Debug|ARM64 = Debug|ARM64
		Debug|x64 = Debug|x64
		Debug|x86 = Debug|x86
		Release|Any CPU = Release|Any CPU
		Release|ARM = Release|ARM
		Release|ARM64 = Release|ARM64
		Release|x64 = Release|x64
		Release|x86 = Release|x86
	EndGlobalSection
	GlobalSection(ProjectConfigurationPlatforms) = postSolution
		{4101B3AE-D6B8-4E55-834D-53D225C19DAF}.Debug|Any CPU.ActiveCfg = Debug|Any CPU
		{4101B3AE-D6B8-4E55-834D-53D225C19DAF}.Debug|Any CPU.Build.0 = Debug|Any CPU
		{4101B3AE-D6B8-4E55-834D-53D225C19DAF}.Debug|ARM.ActiveCfg = Debug|Any CPU
		{4101B3AE-D6B8-4E55-834D-53D225C19DAF}.Debug|ARM.Build.0 = Debug|Any CPU
		{4101B3AE-D6B8-4E55-834D-53D225C19DAF}.Debug|ARM64.ActiveCfg = Debug|Any CPU
		{4101B3AE-D6B8-4E55-834D-53D225C19DAF}.Debug|ARM64.Build.0 = Debug|Any CPU
		{4101B3AE-D6B8-4E55-834D-53D225C19DAF}.Debug|x64.ActiveCfg = Debug|Any CPU
		{4101B3AE-D6B8-4E55-834D-53D225C19DAF}.Debug|x64.Build.0 = Debug|Any CPU
		{4101B3AE-D6B8-4E55-834D-53D225C19DAF}.Debug|x86.ActiveCfg = Debug|Any CPU
		{4101B3AE-D6B8-4E55-834D-53D225C19DAF}.Debug|x86.Build.0 = Debug|Any CPU
		{4101B3AE-D6B8-4E55-834D-53D225C19DAF}.Release|Any CPU.ActiveCfg = Release|Any CPU
		{4101B3AE-D6B8-4E55-834D-53D225C19DAF}.Release|Any CPU.Build.0 = Release|Any CPU
		{4101B3AE-D6B8-4E55-834D-53D225C19DAF}.Release|ARM.ActiveCfg = Release|Any CPU
		{4101B3AE-D6B8-4E55-834D-53D225C19DAF}.Release|ARM.Build.0 = Release|Any CPU
		{4101B3AE-D6B8-4E55-834D-53D225C19DAF}.Release|ARM64.ActiveCfg = Release|Any CPU
		{4101B3AE-D6B8-4E55-834D-53D225C19DAF}.Release|ARM64.Build.0 = Release|Any CPU
		{4101B3AE-D6B8-4E55-834D-53D225C19DAF}.Release|x64.ActiveCfg = Release|Any CPU
		{4101B3AE-D6B8-4E55-834D-53D225C19DAF}.Release|x64.Build.0 = Release|Any CPU
		{4101B3AE-D6B8-4E55-834D-53D225C19DAF}.Release|x86.ActiveCfg = Release|Any CPU
		{4101B3AE-D6B8-4E55-834D-53D225C19DAF}.Release|x86.Build.0 = Release|Any CPU
		{3AE980EC-1EBC-4788-878A-5DFF4E3315D3}.Debug|Any CPU.ActiveCfg = Debug|Any CPU
		{3AE980EC-1EBC-4788-878A-5DFF4E3315D3}.Debug|Any CPU.Build.0 = Debug|Any CPU
		{3AE980EC-1EBC-4788-878A-5DFF4E3315D3}.Debug|ARM.ActiveCfg = Debug|Any CPU
		{3AE980EC-1EBC-4788-878A-5DFF4E3315D3}.Debug|ARM.Build.0 = Debug|Any CPU
		{3AE980EC-1EBC-4788-878A-5DFF4E3315D3}.Debug|ARM64.ActiveCfg = Debug|Any CPU
		{3AE980EC-1EBC-4788-878A-5DFF4E3315D3}.Debug|ARM64.Build.0 = Debug|Any CPU
		{3AE980EC-1EBC-4788-878A-5DFF4E3315D3}.Debug|x64.ActiveCfg = Debug|Any CPU
		{3AE980EC-1EBC-4788-878A-5DFF4E3315D3}.Debug|x64.Build.0 = Debug|Any CPU
		{3AE980EC-1EBC-4788-878A-5DFF4E3315D3}.Debug|x86.ActiveCfg = Debug|Any CPU
		{3AE980EC-1EBC-4788-878A-5DFF4E3315D3}.Debug|x86.Build.0 = Debug|Any CPU
		{3AE980EC-1EBC-4788-878A-5DFF4E3315D3}.Release|Any CPU.ActiveCfg = Release|Any CPU
		{3AE980EC-1EBC-4788-878A-5DFF4E3315D3}.Release|Any CPU.Build.0 = Release|Any CPU
		{3AE980EC-1EBC-4788-878A-5DFF4E3315D3}.Release|ARM.ActiveCfg = Release|Any CPU
		{3AE980EC-1EBC-4788-878A-5DFF4E3315D3}.Release|ARM.Build.0 = Release|Any CPU
		{3AE980EC-1EBC-4788-878A-5DFF4E3315D3}.Release|ARM64.ActiveCfg = Release|Any CPU
		{3AE980EC-1EBC-4788-878A-5DFF4E3315D3}.Release|ARM64.Build.0 = Release|Any CPU
		{3AE980EC-1EBC-4788-878A-5DFF4E3315D3}.Release|x64.ActiveCfg = Release|Any CPU
		{3AE980EC-1EBC-4788-878A-5DFF4E3315D3}.Release|x64.Build.0 = Release|Any CPU
		{3AE980EC-1EBC-4788-878A-5DFF4E3315D3}.Release|x86.ActiveCfg = Release|Any CPU
		{3AE980EC-1EBC-4788-878A-5DFF4E3315D3}.Release|x86.Build.0 = Release|Any CPU
		{B24056FE-CB9C-4388-AB2F-4D73571EFB72}.Debug|Any CPU.ActiveCfg = Debug|Any CPU
		{B24056FE-CB9C-4388-AB2F-4D73571EFB72}.Debug|Any CPU.Build.0 = Debug|Any CPU
		{B24056FE-CB9C-4388-AB2F-4D73571EFB72}.Debug|ARM.ActiveCfg = Debug|Any CPU
		{B24056FE-CB9C-4388-AB2F-4D73571EFB72}.Debug|ARM.Build.0 = Debug|Any CPU
		{B24056FE-CB9C-4388-AB2F-4D73571EFB72}.Debug|ARM64.ActiveCfg = Debug|Any CPU
		{B24056FE-CB9C-4388-AB2F-4D73571EFB72}.Debug|ARM64.Build.0 = Debug|Any CPU
		{B24056FE-CB9C-4388-AB2F-4D73571EFB72}.Debug|x64.ActiveCfg = Debug|Any CPU
		{B24056FE-CB9C-4388-AB2F-4D73571EFB72}.Debug|x64.Build.0 = Debug|Any CPU
		{B24056FE-CB9C-4388-AB2F-4D73571EFB72}.Debug|x86.ActiveCfg = Debug|Any CPU
		{B24056FE-CB9C-4388-AB2F-4D73571EFB72}.Debug|x86.Build.0 = Debug|Any CPU
		{B24056FE-CB9C-4388-AB2F-4D73571EFB72}.Release|Any CPU.ActiveCfg = Release|Any CPU
		{B24056FE-CB9C-4388-AB2F-4D73571EFB72}.Release|Any CPU.Build.0 = Release|Any CPU
		{B24056FE-CB9C-4388-AB2F-4D73571EFB72}.Release|ARM.ActiveCfg = Release|Any CPU
		{B24056FE-CB9C-4388-AB2F-4D73571EFB72}.Release|ARM.Build.0 = Release|Any CPU
		{B24056FE-CB9C-4388-AB2F-4D73571EFB72}.Release|ARM64.ActiveCfg = Release|Any CPU
		{B24056FE-CB9C-4388-AB2F-4D73571EFB72}.Release|ARM64.Build.0 = Release|Any CPU
		{B24056FE-CB9C-4388-AB2F-4D73571EFB72}.Release|x64.ActiveCfg = Release|Any CPU
		{B24056FE-CB9C-4388-AB2F-4D73571EFB72}.Release|x64.Build.0 = Release|Any CPU
		{B24056FE-CB9C-4388-AB2F-4D73571EFB72}.Release|x86.ActiveCfg = Release|Any CPU
		{B24056FE-CB9C-4388-AB2F-4D73571EFB72}.Release|x86.Build.0 = Release|Any CPU
		{D7059C48-77E4-43C4-B524-0830A00E5248}.Debug|Any CPU.ActiveCfg = Debug|Any CPU
		{D7059C48-77E4-43C4-B524-0830A00E5248}.Debug|Any CPU.Build.0 = Debug|Any CPU
		{D7059C48-77E4-43C4-B524-0830A00E5248}.Debug|ARM.ActiveCfg = Debug|Any CPU
		{D7059C48-77E4-43C4-B524-0830A00E5248}.Debug|ARM.Build.0 = Debug|Any CPU
		{D7059C48-77E4-43C4-B524-0830A00E5248}.Debug|ARM64.ActiveCfg = Debug|Any CPU
		{D7059C48-77E4-43C4-B524-0830A00E5248}.Debug|ARM64.Build.0 = Debug|Any CPU
		{D7059C48-77E4-43C4-B524-0830A00E5248}.Debug|x64.ActiveCfg = Debug|Any CPU
		{D7059C48-77E4-43C4-B524-0830A00E5248}.Debug|x64.Build.0 = Debug|Any CPU
		{D7059C48-77E4-43C4-B524-0830A00E5248}.Debug|x86.ActiveCfg = Debug|Any CPU
		{D7059C48-77E4-43C4-B524-0830A00E5248}.Debug|x86.Build.0 = Debug|Any CPU
		{D7059C48-77E4-43C4-B524-0830A00E5248}.Release|Any CPU.ActiveCfg = Release|Any CPU
		{D7059C48-77E4-43C4-B524-0830A00E5248}.Release|Any CPU.Build.0 = Release|Any CPU
		{D7059C48-77E4-43C4-B524-0830A00E5248}.Release|ARM.ActiveCfg = Release|Any CPU
		{D7059C48-77E4-43C4-B524-0830A00E5248}.Release|ARM.Build.0 = Release|Any CPU
		{D7059C48-77E4-43C4-B524-0830A00E5248}.Release|ARM64.ActiveCfg = Release|Any CPU
		{D7059C48-77E4-43C4-B524-0830A00E5248}.Release|ARM64.Build.0 = Release|Any CPU
		{D7059C48-77E4-43C4-B524-0830A00E5248}.Release|x64.ActiveCfg = Release|Any CPU
		{D7059C48-77E4-43C4-B524-0830A00E5248}.Release|x64.Build.0 = Release|Any CPU
		{D7059C48-77E4-43C4-B524-0830A00E5248}.Release|x86.ActiveCfg = Release|Any CPU
		{D7059C48-77E4-43C4-B524-0830A00E5248}.Release|x86.Build.0 = Release|Any CPU
		{3DA0DAE9-3D09-4627-84CA-E2CA6A0D8DA7}.Debug|Any CPU.ActiveCfg = Debug|Any CPU
		{3DA0DAE9-3D09-4627-84CA-E2CA6A0D8DA7}.Debug|Any CPU.Build.0 = Debug|Any CPU
		{3DA0DAE9-3D09-4627-84CA-E2CA6A0D8DA7}.Debug|ARM.ActiveCfg = Debug|Any CPU
		{3DA0DAE9-3D09-4627-84CA-E2CA6A0D8DA7}.Debug|ARM.Build.0 = Debug|Any CPU
		{3DA0DAE9-3D09-4627-84CA-E2CA6A0D8DA7}.Debug|ARM64.ActiveCfg = Debug|Any CPU
		{3DA0DAE9-3D09-4627-84CA-E2CA6A0D8DA7}.Debug|ARM64.Build.0 = Debug|Any CPU
		{3DA0DAE9-3D09-4627-84CA-E2CA6A0D8DA7}.Debug|x64.ActiveCfg = Debug|Any CPU
		{3DA0DAE9-3D09-4627-84CA-E2CA6A0D8DA7}.Debug|x64.Build.0 = Debug|Any CPU
		{3DA0DAE9-3D09-4627-84CA-E2CA6A0D8DA7}.Debug|x86.ActiveCfg = Debug|Any CPU
		{3DA0DAE9-3D09-4627-84CA-E2CA6A0D8DA7}.Debug|x86.Build.0 = Debug|Any CPU
		{3DA0DAE9-3D09-4627-84CA-E2CA6A0D8DA7}.Release|Any CPU.ActiveCfg = Release|Any CPU
		{3DA0DAE9-3D09-4627-84CA-E2CA6A0D8DA7}.Release|Any CPU.Build.0 = Release|Any CPU
		{3DA0DAE9-3D09-4627-84CA-E2CA6A0D8DA7}.Release|ARM.ActiveCfg = Release|Any CPU
		{3DA0DAE9-3D09-4627-84CA-E2CA6A0D8DA7}.Release|ARM.Build.0 = Release|Any CPU
		{3DA0DAE9-3D09-4627-84CA-E2CA6A0D8DA7}.Release|ARM64.ActiveCfg = Release|Any CPU
		{3DA0DAE9-3D09-4627-84CA-E2CA6A0D8DA7}.Release|ARM64.Build.0 = Release|Any CPU
		{3DA0DAE9-3D09-4627-84CA-E2CA6A0D8DA7}.Release|x64.ActiveCfg = Release|Any CPU
		{3DA0DAE9-3D09-4627-84CA-E2CA6A0D8DA7}.Release|x64.Build.0 = Release|Any CPU
		{3DA0DAE9-3D09-4627-84CA-E2CA6A0D8DA7}.Release|x86.ActiveCfg = Release|Any CPU
		{3DA0DAE9-3D09-4627-84CA-E2CA6A0D8DA7}.Release|x86.Build.0 = Release|Any CPU
		{207B1B2B-B4FE-460C-8389-31033C2A5197}.Debug|Any CPU.ActiveCfg = Debug|Any CPU
		{207B1B2B-B4FE-460C-8389-31033C2A5197}.Debug|Any CPU.Build.0 = Debug|Any CPU
		{207B1B2B-B4FE-460C-8389-31033C2A5197}.Debug|ARM.ActiveCfg = Debug|Any CPU
		{207B1B2B-B4FE-460C-8389-31033C2A5197}.Debug|ARM.Build.0 = Debug|Any CPU
		{207B1B2B-B4FE-460C-8389-31033C2A5197}.Debug|ARM64.ActiveCfg = Debug|Any CPU
		{207B1B2B-B4FE-460C-8389-31033C2A5197}.Debug|ARM64.Build.0 = Debug|Any CPU
		{207B1B2B-B4FE-460C-8389-31033C2A5197}.Debug|x64.ActiveCfg = Debug|Any CPU
		{207B1B2B-B4FE-460C-8389-31033C2A5197}.Debug|x64.Build.0 = Debug|Any CPU
		{207B1B2B-B4FE-460C-8389-31033C2A5197}.Debug|x86.ActiveCfg = Debug|Any CPU
		{207B1B2B-B4FE-460C-8389-31033C2A5197}.Debug|x86.Build.0 = Debug|Any CPU
		{207B1B2B-B4FE-460C-8389-31033C2A5197}.Release|Any CPU.ActiveCfg = Release|Any CPU
		{207B1B2B-B4FE-460C-8389-31033C2A5197}.Release|Any CPU.Build.0 = Release|Any CPU
		{207B1B2B-B4FE-460C-8389-31033C2A5197}.Release|ARM.ActiveCfg = Release|Any CPU
		{207B1B2B-B4FE-460C-8389-31033C2A5197}.Release|ARM.Build.0 = Release|Any CPU
		{207B1B2B-B4FE-460C-8389-31033C2A5197}.Release|ARM64.ActiveCfg = Release|Any CPU
		{207B1B2B-B4FE-460C-8389-31033C2A5197}.Release|ARM64.Build.0 = Release|Any CPU
		{207B1B2B-B4FE-460C-8389-31033C2A5197}.Release|x64.ActiveCfg = Release|Any CPU
		{207B1B2B-B4FE-460C-8389-31033C2A5197}.Release|x64.Build.0 = Release|Any CPU
		{207B1B2B-B4FE-460C-8389-31033C2A5197}.Release|x86.ActiveCfg = Release|Any CPU
		{207B1B2B-B4FE-460C-8389-31033C2A5197}.Release|x86.Build.0 = Release|Any CPU
		{249639AC-56ED-421D-8FBC-2A32D8221449}.Debug|Any CPU.ActiveCfg = Debug|Any CPU
		{249639AC-56ED-421D-8FBC-2A32D8221449}.Debug|Any CPU.Build.0 = Debug|Any CPU
		{249639AC-56ED-421D-8FBC-2A32D8221449}.Debug|ARM.ActiveCfg = Debug|Any CPU
		{249639AC-56ED-421D-8FBC-2A32D8221449}.Debug|ARM.Build.0 = Debug|Any CPU
		{249639AC-56ED-421D-8FBC-2A32D8221449}.Debug|ARM64.ActiveCfg = Debug|Any CPU
		{249639AC-56ED-421D-8FBC-2A32D8221449}.Debug|ARM64.Build.0 = Debug|Any CPU
		{249639AC-56ED-421D-8FBC-2A32D8221449}.Debug|x64.ActiveCfg = Debug|Any CPU
		{249639AC-56ED-421D-8FBC-2A32D8221449}.Debug|x64.Build.0 = Debug|Any CPU
		{249639AC-56ED-421D-8FBC-2A32D8221449}.Debug|x86.ActiveCfg = Debug|Any CPU
		{249639AC-56ED-421D-8FBC-2A32D8221449}.Debug|x86.Build.0 = Debug|Any CPU
		{249639AC-56ED-421D-8FBC-2A32D8221449}.Release|Any CPU.ActiveCfg = Release|Any CPU
		{249639AC-56ED-421D-8FBC-2A32D8221449}.Release|Any CPU.Build.0 = Release|Any CPU
		{249639AC-56ED-421D-8FBC-2A32D8221449}.Release|ARM.ActiveCfg = Release|Any CPU
		{249639AC-56ED-421D-8FBC-2A32D8221449}.Release|ARM.Build.0 = Release|Any CPU
		{249639AC-56ED-421D-8FBC-2A32D8221449}.Release|ARM64.ActiveCfg = Release|Any CPU
		{249639AC-56ED-421D-8FBC-2A32D8221449}.Release|ARM64.Build.0 = Release|Any CPU
		{249639AC-56ED-421D-8FBC-2A32D8221449}.Release|x64.ActiveCfg = Release|Any CPU
		{249639AC-56ED-421D-8FBC-2A32D8221449}.Release|x64.Build.0 = Release|Any CPU
		{249639AC-56ED-421D-8FBC-2A32D8221449}.Release|x86.ActiveCfg = Release|Any CPU
		{249639AC-56ED-421D-8FBC-2A32D8221449}.Release|x86.Build.0 = Release|Any CPU
		{9BFF0386-9287-4381-8BBF-5C16E3A111B7}.Debug|Any CPU.ActiveCfg = Debug|Any CPU
		{9BFF0386-9287-4381-8BBF-5C16E3A111B7}.Debug|Any CPU.Build.0 = Debug|Any CPU
		{9BFF0386-9287-4381-8BBF-5C16E3A111B7}.Debug|ARM.ActiveCfg = Debug|Any CPU
		{9BFF0386-9287-4381-8BBF-5C16E3A111B7}.Debug|ARM.Build.0 = Debug|Any CPU
		{9BFF0386-9287-4381-8BBF-5C16E3A111B7}.Debug|ARM64.ActiveCfg = Debug|Any CPU
		{9BFF0386-9287-4381-8BBF-5C16E3A111B7}.Debug|ARM64.Build.0 = Debug|Any CPU
		{9BFF0386-9287-4381-8BBF-5C16E3A111B7}.Debug|x64.ActiveCfg = Debug|Any CPU
		{9BFF0386-9287-4381-8BBF-5C16E3A111B7}.Debug|x64.Build.0 = Debug|Any CPU
		{9BFF0386-9287-4381-8BBF-5C16E3A111B7}.Debug|x86.ActiveCfg = Debug|Any CPU
		{9BFF0386-9287-4381-8BBF-5C16E3A111B7}.Debug|x86.Build.0 = Debug|Any CPU
		{9BFF0386-9287-4381-8BBF-5C16E3A111B7}.Release|Any CPU.ActiveCfg = Release|Any CPU
		{9BFF0386-9287-4381-8BBF-5C16E3A111B7}.Release|Any CPU.Build.0 = Release|Any CPU
		{9BFF0386-9287-4381-8BBF-5C16E3A111B7}.Release|ARM.ActiveCfg = Release|Any CPU
		{9BFF0386-9287-4381-8BBF-5C16E3A111B7}.Release|ARM.Build.0 = Release|Any CPU
		{9BFF0386-9287-4381-8BBF-5C16E3A111B7}.Release|ARM64.ActiveCfg = Release|Any CPU
		{9BFF0386-9287-4381-8BBF-5C16E3A111B7}.Release|ARM64.Build.0 = Release|Any CPU
		{9BFF0386-9287-4381-8BBF-5C16E3A111B7}.Release|x64.ActiveCfg = Release|Any CPU
		{9BFF0386-9287-4381-8BBF-5C16E3A111B7}.Release|x64.Build.0 = Release|Any CPU
		{9BFF0386-9287-4381-8BBF-5C16E3A111B7}.Release|x86.ActiveCfg = Release|Any CPU
		{9BFF0386-9287-4381-8BBF-5C16E3A111B7}.Release|x86.Build.0 = Release|Any CPU
		{D2AFABBD-95DF-4620-9695-D9F5354002E2}.Debug|Any CPU.ActiveCfg = Debug|Any CPU
		{D2AFABBD-95DF-4620-9695-D9F5354002E2}.Debug|Any CPU.Build.0 = Debug|Any CPU
		{D2AFABBD-95DF-4620-9695-D9F5354002E2}.Debug|ARM.ActiveCfg = Debug|Any CPU
		{D2AFABBD-95DF-4620-9695-D9F5354002E2}.Debug|ARM.Build.0 = Debug|Any CPU
		{D2AFABBD-95DF-4620-9695-D9F5354002E2}.Debug|ARM64.ActiveCfg = Debug|Any CPU
		{D2AFABBD-95DF-4620-9695-D9F5354002E2}.Debug|ARM64.Build.0 = Debug|Any CPU
		{D2AFABBD-95DF-4620-9695-D9F5354002E2}.Debug|x64.ActiveCfg = Debug|Any CPU
		{D2AFABBD-95DF-4620-9695-D9F5354002E2}.Debug|x64.Build.0 = Debug|Any CPU
		{D2AFABBD-95DF-4620-9695-D9F5354002E2}.Debug|x86.ActiveCfg = Debug|Any CPU
		{D2AFABBD-95DF-4620-9695-D9F5354002E2}.Debug|x86.Build.0 = Debug|Any CPU
		{D2AFABBD-95DF-4620-9695-D9F5354002E2}.Release|Any CPU.ActiveCfg = Release|Any CPU
		{D2AFABBD-95DF-4620-9695-D9F5354002E2}.Release|Any CPU.Build.0 = Release|Any CPU
		{D2AFABBD-95DF-4620-9695-D9F5354002E2}.Release|ARM.ActiveCfg = Release|Any CPU
		{D2AFABBD-95DF-4620-9695-D9F5354002E2}.Release|ARM.Build.0 = Release|Any CPU
		{D2AFABBD-95DF-4620-9695-D9F5354002E2}.Release|ARM64.ActiveCfg = Release|Any CPU
		{D2AFABBD-95DF-4620-9695-D9F5354002E2}.Release|ARM64.Build.0 = Release|Any CPU
		{D2AFABBD-95DF-4620-9695-D9F5354002E2}.Release|x64.ActiveCfg = Release|Any CPU
		{D2AFABBD-95DF-4620-9695-D9F5354002E2}.Release|x64.Build.0 = Release|Any CPU
		{D2AFABBD-95DF-4620-9695-D9F5354002E2}.Release|x86.ActiveCfg = Release|Any CPU
		{D2AFABBD-95DF-4620-9695-D9F5354002E2}.Release|x86.Build.0 = Release|Any CPU
		{7AEF0FB5-5C4F-43BF-A751-B906789A3299}.Debug|Any CPU.ActiveCfg = Debug|Any CPU
		{7AEF0FB5-5C4F-43BF-A751-B906789A3299}.Debug|Any CPU.Build.0 = Debug|Any CPU
		{7AEF0FB5-5C4F-43BF-A751-B906789A3299}.Debug|ARM.ActiveCfg = Debug|Any CPU
		{7AEF0FB5-5C4F-43BF-A751-B906789A3299}.Debug|ARM.Build.0 = Debug|Any CPU
		{7AEF0FB5-5C4F-43BF-A751-B906789A3299}.Debug|ARM64.ActiveCfg = Debug|Any CPU
		{7AEF0FB5-5C4F-43BF-A751-B906789A3299}.Debug|ARM64.Build.0 = Debug|Any CPU
		{7AEF0FB5-5C4F-43BF-A751-B906789A3299}.Debug|x64.ActiveCfg = Debug|Any CPU
		{7AEF0FB5-5C4F-43BF-A751-B906789A3299}.Debug|x64.Build.0 = Debug|Any CPU
		{7AEF0FB5-5C4F-43BF-A751-B906789A3299}.Debug|x86.ActiveCfg = Debug|Any CPU
		{7AEF0FB5-5C4F-43BF-A751-B906789A3299}.Debug|x86.Build.0 = Debug|Any CPU
		{7AEF0FB5-5C4F-43BF-A751-B906789A3299}.Release|Any CPU.ActiveCfg = Release|Any CPU
		{7AEF0FB5-5C4F-43BF-A751-B906789A3299}.Release|Any CPU.Build.0 = Release|Any CPU
		{7AEF0FB5-5C4F-43BF-A751-B906789A3299}.Release|ARM.ActiveCfg = Release|Any CPU
		{7AEF0FB5-5C4F-43BF-A751-B906789A3299}.Release|ARM.Build.0 = Release|Any CPU
		{7AEF0FB5-5C4F-43BF-A751-B906789A3299}.Release|ARM64.ActiveCfg = Release|Any CPU
		{7AEF0FB5-5C4F-43BF-A751-B906789A3299}.Release|ARM64.Build.0 = Release|Any CPU
		{7AEF0FB5-5C4F-43BF-A751-B906789A3299}.Release|x64.ActiveCfg = Release|Any CPU
		{7AEF0FB5-5C4F-43BF-A751-B906789A3299}.Release|x64.Build.0 = Release|Any CPU
		{7AEF0FB5-5C4F-43BF-A751-B906789A3299}.Release|x86.ActiveCfg = Release|Any CPU
		{7AEF0FB5-5C4F-43BF-A751-B906789A3299}.Release|x86.Build.0 = Release|Any CPU
	EndGlobalSection
	GlobalSection(SolutionProperties) = preSolution
		HideSolutionNode = FALSE
	EndGlobalSection
	GlobalSection(NestedProjects) = preSolution
		{4101B3AE-D6B8-4E55-834D-53D225C19DAF} = {423AA99E-2F63-4B13-BF96-A87140D40906}
		{3AE980EC-1EBC-4788-878A-5DFF4E3315D3} = {4DD9BF64-E9C4-4CEE-BC10-62297BF1A1CF}
		{B24056FE-CB9C-4388-AB2F-4D73571EFB72} = {4DD9BF64-E9C4-4CEE-BC10-62297BF1A1CF}
		{D7059C48-77E4-43C4-B524-0830A00E5248} = {4DD9BF64-E9C4-4CEE-BC10-62297BF1A1CF}
		{3DA0DAE9-3D09-4627-84CA-E2CA6A0D8DA7} = {4DD9BF64-E9C4-4CEE-BC10-62297BF1A1CF}
		{207B1B2B-B4FE-460C-8389-31033C2A5197} = {4DD9BF64-E9C4-4CEE-BC10-62297BF1A1CF}
		{249639AC-56ED-421D-8FBC-2A32D8221449} = {4DD9BF64-E9C4-4CEE-BC10-62297BF1A1CF}
		{9BFF0386-9287-4381-8BBF-5C16E3A111B7} = {4DD9BF64-E9C4-4CEE-BC10-62297BF1A1CF}
		{D2AFABBD-95DF-4620-9695-D9F5354002E2} = {4DD9BF64-E9C4-4CEE-BC10-62297BF1A1CF}
		{7AEF0FB5-5C4F-43BF-A751-B906789A3299} = {4DD9BF64-E9C4-4CEE-BC10-62297BF1A1CF}
	EndGlobalSection
	GlobalSection(ExtensibilityGlobals) = postSolution
		SolutionGuid = {E4EB6D11-24C0-41B6-8B05-4EF0A13B4232}
	EndGlobalSection
EndGlobal
